# THIS IS AN AUTOGENERATED FILE. DO NOT EDIT THIS FILE DIRECTLY.
# yarn lockfile v1


acorn-jsx@^5.0.0:
  version "5.0.1"
  resolved "https://registry.yarnpkg.com/acorn-jsx/-/acorn-jsx-5.0.1.tgz#32a064fd925429216a09b141102bfdd185fae40e"
  integrity sha512-HJ7CfNHrfJLlNTzIEUTj43LNWGkqpRLxm3YjAlcD0ACydk9XynzYsCBHxut+iqt+1aBXkx9UP/w/ZqMr13XIzg==

acorn@^6.0.2:
  version "6.0.5"
  resolved "https://registry.yarnpkg.com/acorn/-/acorn-6.0.5.tgz#81730c0815f3f3b34d8efa95cb7430965f4d887a"
  integrity sha512-i33Zgp3XWtmZBMNvCr4azvOFeWVw1Rk6p3hfi3LUDvIFraOMywb1kAtrbi+med14m4Xfpqm3zRZMT+c0FNE7kg==

debug@^4.1.0:
  version "4.1.1"
  resolved "https://registry.yarnpkg.com/debug/-/debug-4.1.1.tgz#3b72260255109c6b589cee050f1d516139664791"
  integrity sha512-pYAIzeRo8J6KPEaJ0VWOh5Pzkbw/RetuzehGM7QRRX5he4fPHx2rdKMB256ehJCkX+XRQm16eZLqLNS8RSZXZw==
  dependencies:
    ms "^2.1.1"

eslint-plugin-vue@vuejs/eslint-plugin-vue:
  version "5.1.0"
  resolved "https://codeload.github.com/vuejs/eslint-plugin-vue/tar.gz/9c49dcc8ff792ec6798037bd6b7f4ac3d26fdf68"
  dependencies:
    vue-eslint-parser "^4.0.2"

eslint-scope@^4.0.0:
  version "4.0.0"
  resolved "https://registry.yarnpkg.com/eslint-scope/-/eslint-scope-4.0.0.tgz#50bf3071e9338bcdc43331794a0cb533f0136172"
  integrity sha512-1G6UTDi7Jc1ELFwnR58HV4fK9OQK4S6N985f166xqXxpjU6plxFISJa2Ba9KCQuFa8RCnj/lSFJbHo7UFDBnUA==
  dependencies:
    esrecurse "^4.1.0"
    estraverse "^4.1.1"

eslint-visitor-keys@^1.0.0:
  version "1.0.0"
  resolved "https://registry.yarnpkg.com/eslint-visitor-keys/-/eslint-visitor-keys-1.0.0.tgz#3f3180fb2e291017716acb4c9d6d5b5c34a6a81d"
  integrity sha512-qzm/XxIbxm/FHyH341ZrbnMUpe+5Bocte9xkmFMzPMjRaZMcXww+MpBptFvtU+79L362nqiLhekCxCxDPaUMBQ==

espree@^4.1.0:
  version "4.1.0"
  resolved "https://registry.yarnpkg.com/espree/-/espree-4.1.0.tgz#728d5451e0fd156c04384a7ad89ed51ff54eb25f"
  integrity sha512-I5BycZW6FCVIub93TeVY1s7vjhP9CY6cXCznIRfiig7nRviKZYdRnj/sHEWC6A7WE9RDWOFq9+7OsWSYz8qv2w==
  dependencies:
    acorn "^6.0.2"
    acorn-jsx "^5.0.0"
    eslint-visitor-keys "^1.0.0"

esquery@^1.0.1:
  version "1.0.1"
  resolved "https://registry.yarnpkg.com/esquery/-/esquery-1.0.1.tgz#406c51658b1f5991a5f9b62b1dc25b00e3e5c708"
  integrity sha512-SmiyZ5zIWH9VM+SRUReLS5Q8a7GxtRdxEBVZpm98rJM7Sb+A9DVCndXfkeFUd3byderg+EbDkfnevfCwynWaNA==
  dependencies:
    estraverse "^4.0.0"

esrecurse@^4.1.0:
  version "4.2.1"
  resolved "https://registry.yarnpkg.com/esrecurse/-/esrecurse-4.2.1.tgz#007a3b9fdbc2b3bb87e4879ea19c92fdbd3942cf"
  integrity sha512-64RBB++fIOAXPw3P9cy89qfMlvZEXZkqqJkjqqXIvzP5ezRZjW+lPWjw35UX/3EhUPFYbg5ER4JYgDw4007/DQ==
  dependencies:
    estraverse "^4.1.0"

estraverse@^4.0.0, estraverse@^4.1.0, estraverse@^4.1.1:
  version "4.2.0"
  resolved "https://registry.yarnpkg.com/estraverse/-/estraverse-4.2.0.tgz#0dee3fed31fcd469618ce7342099fc1afa0bdb13"
  integrity sha1-De4/7TH81GlhjOc0IJn8GvoL2xM=

lodash.unescape@4.0.1:
  version "4.0.1"
  resolved "https://registry.yarnpkg.com/lodash.unescape/-/lodash.unescape-4.0.1.tgz#bf2249886ce514cda112fae9218cdc065211fc9c"
  integrity sha1-vyJJiGzlFM2hEvrpIYzcBlIR/Jw=

lodash@^4.17.11:
  version "4.17.11"
  resolved "https://registry.yarnpkg.com/lodash/-/lodash-4.17.11.tgz#b39ea6229ef607ecd89e2c8df12536891cac9b8d"
  integrity sha512-cQKh8igo5QUhZ7lg38DYWAxMvjSAKG0A8wGSVimP07SIUEK2UO+arSRKbRZWtelMtN5V0Hkwh5ryOto/SshYIg==

ms@^2.1.1:
  version "2.1.1"
  resolved "https://registry.yarnpkg.com/ms/-/ms-2.1.1.tgz#30a5864eb3ebb0a66f2ebe6d727af06a09d86e0a"
  integrity sha512-tgp+dl5cGk28utYktBsrFqA7HKgrhgPsg6Z/EfhWI4gl1Hwq8B/GmY/0oXZ6nF8hDVesS/FpnYaD/kOWhYQvyg==

semver@5.5.0:
  version "5.5.0"
  resolved "https://registry.yarnpkg.com/semver/-/semver-5.5.0.tgz#dc4bbc7a6ca9d916dee5d43516f0092b58f7b8ab"
  integrity sha512-4SJ3dm0WAwWy/NVeioZh5AntkdJoWKxHxcmyP622fOkgHa4z3R0TdBJICINyaSDE6uNwVc8gZr+ZinwZAH4xIA==

typescript-eslint-parser@^21.0.2:
  version "21.0.2"
  resolved "https://registry.yarnpkg.com/typescript-eslint-parser/-/typescript-eslint-parser-21.0.2.tgz#270af10e4724528677fbcf34ea495284bec3a894"
  integrity sha512-u+pj4RVJBr4eTzj0n5npoXD/oRthvfUCjSKndhNI714MG0mQq2DJw5WP7qmonRNIFgmZuvdDOH3BHm9iOjIAfg==
  dependencies:
    eslint-scope "^4.0.0"
    eslint-visitor-keys "^1.0.0"
    typescript-estree "5.3.0"

typescript-estree@5.3.0:
  version "5.3.0"
  resolved "https://registry.yarnpkg.com/typescript-estree/-/typescript-estree-5.3.0.tgz#fb6c977b5e21073eb16cbdc0338a7f752da99ff5"
  integrity sha512-Vu0KmYdSCkpae+J48wsFC1ti19Hq3Wi/lODUaE+uesc3gzqhWbZ5itWbsjylLVbjNW4K41RqDzSfnaYNbmEiMQ==
  dependencies:
    lodash.unescape "4.0.1"
    semver "5.5.0"

vue-eslint-parser@^4.0.2:
  version "4.0.3"
  resolved "https://registry.yarnpkg.com/vue-eslint-parser/-/vue-eslint-parser-4.0.3.tgz#80cf162e484387b2640371ad21ba1f86e0c10a61"
  integrity sha512-AUeQsYdO6+7QXCems+WvGlrXd37PHv/zcRQSQdY1xdOMwdFAPEnMBsv7zPvk0TPGulXkK/5p/ITgrjiYB7k3ag==
  dependencies:
    debug "^4.1.0"
    eslint-scope "^4.0.0"
    eslint-visitor-keys "^1.0.0"
    espree "^4.1.0"
    esquery "^1.0.1"
    lodash "^4.17.11"

vue@^2.6.0-beta.1:
  version "2.6.0-beta.1"
  resolved "https://registry.yarnpkg.com/vue/-/vue-2.6.0-beta.1.tgz#042c708eb1f062fc45b0547043e8a3201367edc9"
  integrity sha512-dpkWmqfzEmwNBIHJ3KQvx0Nk1U5dbH53eAGQgdmK3Y7lVQVuUHgdXQpAmNnQ0n7k7UE5sJwP1DlUBVeLsu+X9Q==
